
Microsoft Visual Studio Solution File, Format Version 12.00
# Visual Studio Version 17
VisualStudioVersion = 17.7.34031.279
MinimumVisualStudioVersion = 10.0.40219.1
Project("{FAE04EC0-301F-11D3-BF4B-00C04F79EFBC}") = "FirstDay", "FirstDay\FirstDay.csproj", "{71411845-312C-4F8C-88BB-79D18E421C5D}"
EndProject
Global
	GlobalSection(SolutionConfigurationPlatforms) = preSolution
		Debug|Any CPU = Debug|Any CPU
		Release|Any CPU = Release|Any CPU
	EndGlobalSection
	GlobalSection(ProjectConfigurationPlatforms) = postSolution
		{71411845-312C-4F8C-88BB-79D18E421C5D}.Debug|Any CPU.ActiveCfg = Debug|Any CPU
		{71411845-312C-4F8C-88BB-79D18E421C5D}.Debug|Any CPU.Build.0 = Debug|Any CPU
		{71411845-312C-4F8C-88BB-79D18E421C5D}.Release|Any CPU.ActiveCfg = Release|Any CPU
		{71411845-312C-4F8C-88BB-79D18E421C5D}.Release|Any CPU.Build.0 = Release|Any CPU
	EndGlobalSection
	GlobalSection(SolutionProperties) = preSolution
		HideSolutionNode = FALSE
	EndGlobalSection
	GlobalSection(ExtensibilityGlobals) = postSolution
		SolutionGuid = {9DB611C8-4E88-41AB-ADFC-C60F03674058}
	EndGlobalSection
EndGlobal
